
Microsoft Visual Studio Solution File, Format Version 12.00
# Visual Studio Version 17
VisualStudioVersion = 17.11.35327.3
MinimumVisualStudioVersion = 10.0.40219.1
Project("{FAE04EC0-301F-11D3-BF4B-00C04F79EFBC}") = "Webform", "Ecommerce\Webform.csproj", "{69E6A119-F5A1-4516-9082-3E69B3E1D6EF}"
EndProject
Global
	GlobalSection(SolutionConfigurationPlatforms) = preSolution
		Debug|Any CPU = Debug|Any CPU
		Release|Any CPU = Release|Any CPU
	EndGlobalSection
	GlobalSection(ProjectConfigurationPlatforms) = postSolution
		{69E6A119-F5A1-4516-9082-3E69B3E1D6EF}.Debug|Any CPU.ActiveCfg = Debug|Any CPU
		{69E6A119-F5A1-4516-9082-3E69B3E1D6EF}.Debug|Any CPU.Build.0 = Debug|Any CPU
		{69E6A119-F5A1-4516-9082-3E69B3E1D6EF}.Release|Any CPU.ActiveCfg = Release|Any CPU
		{69E6A119-F5A1-4516-9082-3E69B3E1D6EF}.Release|Any CPU.Build.0 = Release|Any CPU
	EndGlobalSection
	GlobalSection(SolutionProperties) = preSolution
		HideSolutionNode = FALSE
	EndGlobalSection
	GlobalSection(ExtensibilityGlobals) = postSolution
		SolutionGuid = {05CFD4DE-17CD-42D9-910C-4C3B13AE3095}
	EndGlobalSection
EndGlobal
